
Microsoft Visual Studio Solution File, Format Version 12.00
# Visual Studio 15
VisualStudioVersion = 15.0.26228.9
MinimumVisualStudioVersion = 10.0.40219.1
Project("{FAE04EC0-301F-11D3-BF4B-00C04F79EFBC}") = "DesignPatterns", "DesignPatterns\DesignPatterns.csproj", "{7838E52C-8089-48A5-AF39-66078BD0D0BE}"
EndProject
Project("{FAE04EC0-301F-11D3-BF4B-00C04F79EFBC}") = "AdapterPattern", "AdapterPattern\AdapterPattern.csproj", "{8B116EE7-47C1-452F-BD6F-EE2010217759}"
EndProject
Project("{FAE04EC0-301F-11D3-BF4B-00C04F79EFBC}") = "AdapterPattern.Tests", "AdapterPattern.Tests\AdapterPattern.Tests.csproj", "{585AFCE2-5EDB-4F9F-90C5-1DE15B1C1097}"
EndProject
Project("{2150E333-8FDC-42A3-9474-1A3956D46DE8}") = "AdapterPatterns", "AdapterPatterns", "{1452F9A4-0F02-409C-855C-F21A63392881}"
EndProject
Project("{2150E333-8FDC-42A3-9474-1A3956D46DE8}") = "StrategyPattern", "StrategyPattern", "{BD05DDB4-F2C4-4801-8F71-B6B2985FCD10}"
EndProject
Project("{FAE04EC0-301F-11D3-BF4B-00C04F79EFBC}") = "StrategyPattern", "StrategyPattern\StrategyPattern.csproj", "{339A6EC2-8903-4556-AF10-54F4EF37C549}"
EndProject
Project("{FAE04EC0-301F-11D3-BF4B-00C04F79EFBC}") = "StratgeyPattern.Tests", "StratgeyPattern.Tests\StratgeyPattern.Tests.csproj", "{E375E91B-17FD-47F3-A6C5-843D745126EA}"
EndProject
Project("{2150E333-8FDC-42A3-9474-1A3956D46DE8}") = "FacadePattern", "FacadePattern", "{950B671B-8FEF-4595-82D1-1A5BC2BBF6AA}"
EndProject
Project("{FAE04EC0-301F-11D3-BF4B-00C04F79EFBC}") = "FacadePattern", "FacadePattern\FacadePattern.csproj", "{DEB970E0-27DC-4E52-91E2-D0A4BE31FCD3}"
EndProject
Project("{2150E333-8FDC-42A3-9474-1A3956D46DE8}") = "BridgePattern", "BridgePattern", "{601F391C-A030-4D1A-9597-F2B6A22A70E6}"
EndProject
Project("{FAE04EC0-301F-11D3-BF4B-00C04F79EFBC}") = "BridgePattern", "BridgePattern\BridgePattern.csproj", "{8E47A878-5FC8-4CB6-9851-B7BA0861D1A0}"
EndProject
Project("{FAE04EC0-301F-11D3-BF4B-00C04F79EFBC}") = "BridgePatern.Tests", "BridgePatern.Tests\BridgePatern.Tests.csproj", "{5A314427-5E73-4FCF-B5E4-98C955C4AAC1}"
EndProject
Project("{2150E333-8FDC-42A3-9474-1A3956D46DE8}") = "FlyWeightPattern", "FlyWeightPattern", "{D29FF0D0-F4B2-481D-9422-41FF1F2CAE3D}"
EndProject
Project("{FAE04EC0-301F-11D3-BF4B-00C04F79EFBC}") = "FlyWeightPattern", "FlyWeightPattern\FlyWeightPattern.csproj", "{01C0D5A7-7DA1-4C84-A535-91259CC27A52}"
EndProject
Project("{FAE04EC0-301F-11D3-BF4B-00C04F79EFBC}") = "FlyWeightPattern.Tests", "FlyWeightPattern.Tests\FlyWeightPattern.Tests.csproj", "{06413805-88D7-4662-9E1F-2D13EBFF4CC1}"
EndProject
Global
	GlobalSection(SolutionConfigurationPlatforms) = preSolution
		Debug|Any CPU = Debug|Any CPU
		Release|Any CPU = Release|Any CPU
	EndGlobalSection
	GlobalSection(ProjectConfigurationPlatforms) = postSolution
		{7838E52C-8089-48A5-AF39-66078BD0D0BE}.Debug|Any CPU.ActiveCfg = Debug|Any CPU
		{7838E52C-8089-48A5-AF39-66078BD0D0BE}.Debug|Any CPU.Build.0 = Debug|Any CPU
		{7838E52C-8089-48A5-AF39-66078BD0D0BE}.Release|Any CPU.ActiveCfg = Release|Any CPU
		{7838E52C-8089-48A5-AF39-66078BD0D0BE}.Release|Any CPU.Build.0 = Release|Any CPU
		{8B116EE7-47C1-452F-BD6F-EE2010217759}.Debug|Any CPU.ActiveCfg = Debug|Any CPU
		{8B116EE7-47C1-452F-BD6F-EE2010217759}.Debug|Any CPU.Build.0 = Debug|Any CPU
		{8B116EE7-47C1-452F-BD6F-EE2010217759}.Release|Any CPU.ActiveCfg = Release|Any CPU
		{8B116EE7-47C1-452F-BD6F-EE2010217759}.Release|Any CPU.Build.0 = Release|Any CPU
		{585AFCE2-5EDB-4F9F-90C5-1DE15B1C1097}.Debug|Any CPU.ActiveCfg = Debug|Any CPU
		{585AFCE2-5EDB-4F9F-90C5-1DE15B1C1097}.Debug|Any CPU.Build.0 = Debug|Any CPU
		{585AFCE2-5EDB-4F9F-90C5-1DE15B1C1097}.Release|Any CPU.ActiveCfg = Release|Any CPU
		{585AFCE2-5EDB-4F9F-90C5-1DE15B1C1097}.Release|Any CPU.Build.0 = Release|Any CPU
		{339A6EC2-8903-4556-AF10-54F4EF37C549}.Debug|Any CPU.ActiveCfg = Debug|Any CPU
		{339A6EC2-8903-4556-AF10-54F4EF37C549}.Debug|Any CPU.Build.0 = Debug|Any CPU
		{339A6EC2-8903-4556-AF10-54F4EF37C549}.Release|Any CPU.ActiveCfg = Release|Any CPU
		{339A6EC2-8903-4556-AF10-54F4EF37C549}.Release|Any CPU.Build.0 = Release|Any CPU
		{E375E91B-17FD-47F3-A6C5-843D745126EA}.Debug|Any CPU.ActiveCfg = Debug|Any CPU
		{E375E91B-17FD-47F3-A6C5-843D745126EA}.Debug|Any CPU.Build.0 = Debug|Any CPU
		{E375E91B-17FD-47F3-A6C5-843D745126EA}.Release|Any CPU.ActiveCfg = Release|Any CPU
		{E375E91B-17FD-47F3-A6C5-843D745126EA}.Release|Any CPU.Build.0 = Release|Any CPU
		{DEB970E0-27DC-4E52-91E2-D0A4BE31FCD3}.Debug|Any CPU.ActiveCfg = Debug|Any CPU
		{DEB970E0-27DC-4E52-91E2-D0A4BE31FCD3}.Debug|Any CPU.Build.0 = Debug|Any CPU
		{DEB970E0-27DC-4E52-91E2-D0A4BE31FCD3}.Release|Any CPU.ActiveCfg = Release|Any CPU
		{DEB970E0-27DC-4E52-91E2-D0A4BE31FCD3}.Release|Any CPU.Build.0 = Release|Any CPU
		{8E47A878-5FC8-4CB6-9851-B7BA0861D1A0}.Debug|Any CPU.ActiveCfg = Debug|Any CPU
		{8E47A878-5FC8-4CB6-9851-B7BA0861D1A0}.Debug|Any CPU.Build.0 = Debug|Any CPU
		{8E47A878-5FC8-4CB6-9851-B7BA0861D1A0}.Release|Any CPU.ActiveCfg = Release|Any CPU
		{8E47A878-5FC8-4CB6-9851-B7BA0861D1A0}.Release|Any CPU.Build.0 = Release|Any CPU
		{5A314427-5E73-4FCF-B5E4-98C955C4AAC1}.Debug|Any CPU.ActiveCfg = Debug|Any CPU
		{5A314427-5E73-4FCF-B5E4-98C955C4AAC1}.Debug|Any CPU.Build.0 = Debug|Any CPU
		{5A314427-5E73-4FCF-B5E4-98C955C4AAC1}.Release|Any CPU.ActiveCfg = Release|Any CPU
		{5A314427-5E73-4FCF-B5E4-98C955C4AAC1}.Release|Any CPU.Build.0 = Release|Any CPU
		{01C0D5A7-7DA1-4C84-A535-91259CC27A52}.Debug|Any CPU.ActiveCfg = Debug|Any CPU
		{01C0D5A7-7DA1-4C84-A535-91259CC27A52}.Debug|Any CPU.Build.0 = Debug|Any CPU
		{01C0D5A7-7DA1-4C84-A535-91259CC27A52}.Release|Any CPU.ActiveCfg = Release|Any CPU
		{01C0D5A7-7DA1-4C84-A535-91259CC27A52}.Release|Any CPU.Build.0 = Release|Any CPU
		{06413805-88D7-4662-9E1F-2D13EBFF4CC1}.Debug|Any CPU.ActiveCfg = Debug|Any CPU
		{06413805-88D7-4662-9E1F-2D13EBFF4CC1}.Debug|Any CPU.Build.0 = Debug|Any CPU
		{06413805-88D7-4662-9E1F-2D13EBFF4CC1}.Release|Any CPU.ActiveCfg = Release|Any CPU
		{06413805-88D7-4662-9E1F-2D13EBFF4CC1}.Release|Any CPU.Build.0 = Release|Any CPU
	EndGlobalSection
	GlobalSection(SolutionProperties) = preSolution
		HideSolutionNode = FALSE
	EndGlobalSection
	GlobalSection(NestedProjects) = preSolution
		{8B116EE7-47C1-452F-BD6F-EE2010217759} = {1452F9A4-0F02-409C-855C-F21A63392881}
		{585AFCE2-5EDB-4F9F-90C5-1DE15B1C1097} = {1452F9A4-0F02-409C-855C-F21A63392881}
		{339A6EC2-8903-4556-AF10-54F4EF37C549} = {BD05DDB4-F2C4-4801-8F71-B6B2985FCD10}
		{E375E91B-17FD-47F3-A6C5-843D745126EA} = {BD05DDB4-F2C4-4801-8F71-B6B2985FCD10}
		{DEB970E0-27DC-4E52-91E2-D0A4BE31FCD3} = {950B671B-8FEF-4595-82D1-1A5BC2BBF6AA}
		{8E47A878-5FC8-4CB6-9851-B7BA0861D1A0} = {601F391C-A030-4D1A-9597-F2B6A22A70E6}
		{5A314427-5E73-4FCF-B5E4-98C955C4AAC1} = {601F391C-A030-4D1A-9597-F2B6A22A70E6}
		{01C0D5A7-7DA1-4C84-A535-91259CC27A52} = {D29FF0D0-F4B2-481D-9422-41FF1F2CAE3D}
		{06413805-88D7-4662-9E1F-2D13EBFF4CC1} = {D29FF0D0-F4B2-481D-9422-41FF1F2CAE3D}
	EndGlobalSection
EndGlobal
